
Microsoft Visual Studio Solution File, Format Version 12.00
# Visual Studio Version 16
VisualStudioVersion = 16.0.29806.167
MinimumVisualStudioVersion = 10.0.40219.1
Project("{FAE04EC0-301F-11D3-BF4B-00C04F79EFBC}") = "Dynamic Programming", "Dynamic Programming.csproj", "{3503AC9B-F8B5-444B-A90E-7C72E4F079F2}"
EndProject
Global
	GlobalSection(SolutionConfigurationPlatforms) = preSolution
		Debug|Any CPU = Debug|Any CPU
		Release|Any CPU = Release|Any CPU
	EndGlobalSection
	GlobalSection(ProjectConfigurationPlatforms) = postSolution
		{3503AC9B-F8B5-444B-A90E-7C72E4F079F2}.Debug|Any CPU.ActiveCfg = Debug|Any CPU
		{3503AC9B-F8B5-444B-A90E-7C72E4F079F2}.Debug|Any CPU.Build.0 = Debug|Any CPU
		{3503AC9B-F8B5-444B-A90E-7C72E4F079F2}.Release|Any CPU.ActiveCfg = Release|Any CPU
		{3503AC9B-F8B5-444B-A90E-7C72E4F079F2}.Release|Any CPU.Build.0 = Release|Any CPU
	EndGlobalSection
	GlobalSection(SolutionProperties) = preSolution
		HideSolutionNode = FALSE
	EndGlobalSection
	GlobalSection(ExtensibilityGlobals) = postSolution
		SolutionGuid = {1EF8EA5C-CE29-4C2E-A0D9-BDAFD8F1629A}
	EndGlobalSection
EndGlobal
